
Microsoft Visual Studio Solution File, Format Version 12.00
# Visual Studio Version 17
VisualStudioVersion = 17.10.35013.160
MinimumVisualStudioVersion = 10.0.40219.1
Project("{FAE04EC0-301F-11D3-BF4B-00C04F79EFBC}") = "MultipleBlazor8PluginApp", "MultipleBlazor8PluginApp\MultipleBlazor8PluginApp.csproj", "{7048D7B8-252E-441A-9FE9-5799CE73ED29}"
EndProject
Project("{FAE04EC0-301F-11D3-BF4B-00C04F79EFBC}") = "MultipleBlazor8PluginApp.Client", "MultipleBlazor8PluginApp.Client\MultipleBlazor8PluginApp.Client.csproj", "{7611E303-F782-4FA3-8407-B0E4AF785193}"
EndProject
Project("{FAE04EC0-301F-11D3-BF4B-00C04F79EFBC}") = "OtherBlazorApp", "OtherBlazorApp\OtherBlazorApp.csproj", "{B8A491A2-A17D-467F-9743-41C1B5553262}"
EndProject
Global
	GlobalSection(SolutionConfigurationPlatforms) = preSolution
		Debug|Any CPU = Debug|Any CPU
		Release|Any CPU = Release|Any CPU
	EndGlobalSection
	GlobalSection(ProjectConfigurationPlatforms) = postSolution
		{7048D7B8-252E-441A-9FE9-5799CE73ED29}.Debug|Any CPU.ActiveCfg = Debug|Any CPU
		{7048D7B8-252E-441A-9FE9-5799CE73ED29}.Debug|Any CPU.Build.0 = Debug|Any CPU
		{7048D7B8-252E-441A-9FE9-5799CE73ED29}.Release|Any CPU.ActiveCfg = Release|Any CPU
		{7048D7B8-252E-441A-9FE9-5799CE73ED29}.Release|Any CPU.Build.0 = Release|Any CPU
		{7611E303-F782-4FA3-8407-B0E4AF785193}.Debug|Any CPU.ActiveCfg = Debug|Any CPU
		{7611E303-F782-4FA3-8407-B0E4AF785193}.Debug|Any CPU.Build.0 = Debug|Any CPU
		{7611E303-F782-4FA3-8407-B0E4AF785193}.Release|Any CPU.ActiveCfg = Release|Any CPU
		{7611E303-F782-4FA3-8407-B0E4AF785193}.Release|Any CPU.Build.0 = Release|Any CPU
		{B8A491A2-A17D-467F-9743-41C1B5553262}.Debug|Any CPU.ActiveCfg = Debug|Any CPU
		{B8A491A2-A17D-467F-9743-41C1B5553262}.Debug|Any CPU.Build.0 = Debug|Any CPU
		{B8A491A2-A17D-467F-9743-41C1B5553262}.Release|Any CPU.ActiveCfg = Release|Any CPU
		{B8A491A2-A17D-467F-9743-41C1B5553262}.Release|Any CPU.Build.0 = Release|Any CPU
	EndGlobalSection
	GlobalSection(SolutionProperties) = preSolution
		HideSolutionNode = FALSE
	EndGlobalSection
	GlobalSection(ExtensibilityGlobals) = postSolution
		SolutionGuid = {0CF5BB51-012C-4672-A790-508741AC150F}
	EndGlobalSection
EndGlobal
