
Microsoft Visual Studio Solution File, Format Version 12.00
# Visual Studio Version 17
VisualStudioVersion = 17.10.35122.118
MinimumVisualStudioVersion = 10.0.40219.1
Project("{FAE04EC0-301F-11D3-BF4B-00C04F79EFBC}") = "FieldValidationBlazorApp", "FieldValidationBlazorApp\FieldValidationBlazorApp.csproj", "{0A0BCB1C-E9E2-47B8-9325-F0B14F421697}"
EndProject
Project("{FAE04EC0-301F-11D3-BF4B-00C04F79EFBC}") = "FieldValidationBlazorApp.Client", "FieldValidationBlazorApp.Client\FieldValidationBlazorApp.Client.csproj", "{0B9AAE01-21B0-4595-B030-41CAE4D1333E}"
EndProject
Global
	GlobalSection(SolutionConfigurationPlatforms) = preSolution
		Debug|Any CPU = Debug|Any CPU
		Release|Any CPU = Release|Any CPU
	EndGlobalSection
	GlobalSection(ProjectConfigurationPlatforms) = postSolution
		{0A0BCB1C-E9E2-47B8-9325-F0B14F421697}.Debug|Any CPU.ActiveCfg = Debug|Any CPU
		{0A0BCB1C-E9E2-47B8-9325-F0B14F421697}.Debug|Any CPU.Build.0 = Debug|Any CPU
		{0A0BCB1C-E9E2-47B8-9325-F0B14F421697}.Release|Any CPU.ActiveCfg = Release|Any CPU
		{0A0BCB1C-E9E2-47B8-9325-F0B14F421697}.Release|Any CPU.Build.0 = Release|Any CPU
		{0B9AAE01-21B0-4595-B030-41CAE4D1333E}.Debug|Any CPU.ActiveCfg = Debug|Any CPU
		{0B9AAE01-21B0-4595-B030-41CAE4D1333E}.Debug|Any CPU.Build.0 = Debug|Any CPU
		{0B9AAE01-21B0-4595-B030-41CAE4D1333E}.Release|Any CPU.ActiveCfg = Release|Any CPU
		{0B9AAE01-21B0-4595-B030-41CAE4D1333E}.Release|Any CPU.Build.0 = Release|Any CPU
	EndGlobalSection
	GlobalSection(SolutionProperties) = preSolution
		HideSolutionNode = FALSE
	EndGlobalSection
	GlobalSection(ExtensibilityGlobals) = postSolution
		SolutionGuid = {C6E346DC-87D2-4A57-B329-4C4438CD1253}
	EndGlobalSection
EndGlobal
