
Microsoft Visual Studio Solution File, Format Version 12.00
# Visual Studio Version 17
VisualStudioVersion = 17.10.35004.147
MinimumVisualStudioVersion = 10.0.40219.1
Project("{FAE04EC0-301F-11D3-BF4B-00C04F79EFBC}") = "FeatureFlagApp", "FeatureFlagApp\FeatureFlagApp.csproj", "{8970EB3A-BA8E-4E71-A557-2B24F8D722A4}"
EndProject
Project("{FAE04EC0-301F-11D3-BF4B-00C04F79EFBC}") = "FeatureFlagApp.Client", "FeatureFlagApp.Client\FeatureFlagApp.Client.csproj", "{9B02B40E-4FCC-4A78-B847-C83388E781DC}"
EndProject
Global
	GlobalSection(SolutionConfigurationPlatforms) = preSolution
		Debug|Any CPU = Debug|Any CPU
		Release|Any CPU = Release|Any CPU
	EndGlobalSection
	GlobalSection(ProjectConfigurationPlatforms) = postSolution
		{8970EB3A-BA8E-4E71-A557-2B24F8D722A4}.Debug|Any CPU.ActiveCfg = Debug|Any CPU
		{8970EB3A-BA8E-4E71-A557-2B24F8D722A4}.Debug|Any CPU.Build.0 = Debug|Any CPU
		{8970EB3A-BA8E-4E71-A557-2B24F8D722A4}.Release|Any CPU.ActiveCfg = Release|Any CPU
		{8970EB3A-BA8E-4E71-A557-2B24F8D722A4}.Release|Any CPU.Build.0 = Release|Any CPU
		{9B02B40E-4FCC-4A78-B847-C83388E781DC}.Debug|Any CPU.ActiveCfg = Debug|Any CPU
		{9B02B40E-4FCC-4A78-B847-C83388E781DC}.Debug|Any CPU.Build.0 = Debug|Any CPU
		{9B02B40E-4FCC-4A78-B847-C83388E781DC}.Release|Any CPU.ActiveCfg = Release|Any CPU
		{9B02B40E-4FCC-4A78-B847-C83388E781DC}.Release|Any CPU.Build.0 = Release|Any CPU
	EndGlobalSection
	GlobalSection(SolutionProperties) = preSolution
		HideSolutionNode = FALSE
	EndGlobalSection
	GlobalSection(ExtensibilityGlobals) = postSolution
		SolutionGuid = {E4A0917F-906D-463E-811F-11B12C5495D2}
	EndGlobalSection
EndGlobal
