
Microsoft Visual Studio Solution File, Format Version 12.00
# Visual Studio Version 17
VisualStudioVersion = 17.2.32519.379
MinimumVisualStudioVersion = 10.0.40219.1
Project("{9A19103F-16F7-4668-BE54-9A1E7A4F7556}") = "MultipleBlazorApps.Server", "MultipleBlazorApps\Server\MultipleBlazorApps.Server.csproj", "{FD4773DC-B4E2-4F38-A6A7-CDA971A0768A}"
EndProject
Project("{9A19103F-16F7-4668-BE54-9A1E7A4F7556}") = "MultipleBlazorApps.Client", "MultipleBlazorApps\Client\MultipleBlazorApps.Client.csproj", "{2933B9D6-D941-4B1F-B67C-9E34A4EF5CA8}"
EndProject
Project("{9A19103F-16F7-4668-BE54-9A1E7A4F7556}") = "MultipleBlazorApps.Shared", "MultipleBlazorApps\Shared\MultipleBlazorApps.Shared.csproj", "{B56ECDD1-2A4D-493B-A2B1-16B3D6D84C10}"
EndProject
Project("{9A19103F-16F7-4668-BE54-9A1E7A4F7556}") = "MultipleBlazorApps.SecondClient", "MultipleBlazorApps\SecondClient\MultipleBlazorApps.SecondClient.csproj", "{042F2231-DCDF-4C7B-A22E-66C856F1597A}"
EndProject
Global
	GlobalSection(SolutionConfigurationPlatforms) = preSolution
		Debug|Any CPU = Debug|Any CPU
		Release|Any CPU = Release|Any CPU
	EndGlobalSection
	GlobalSection(ProjectConfigurationPlatforms) = postSolution
		{FD4773DC-B4E2-4F38-A6A7-CDA971A0768A}.Debug|Any CPU.ActiveCfg = Debug|Any CPU
		{FD4773DC-B4E2-4F38-A6A7-CDA971A0768A}.Debug|Any CPU.Build.0 = Debug|Any CPU
		{FD4773DC-B4E2-4F38-A6A7-CDA971A0768A}.Release|Any CPU.ActiveCfg = Release|Any CPU
		{FD4773DC-B4E2-4F38-A6A7-CDA971A0768A}.Release|Any CPU.Build.0 = Release|Any CPU
		{2933B9D6-D941-4B1F-B67C-9E34A4EF5CA8}.Debug|Any CPU.ActiveCfg = Debug|Any CPU
		{2933B9D6-D941-4B1F-B67C-9E34A4EF5CA8}.Debug|Any CPU.Build.0 = Debug|Any CPU
		{2933B9D6-D941-4B1F-B67C-9E34A4EF5CA8}.Release|Any CPU.ActiveCfg = Release|Any CPU
		{2933B9D6-D941-4B1F-B67C-9E34A4EF5CA8}.Release|Any CPU.Build.0 = Release|Any CPU
		{B56ECDD1-2A4D-493B-A2B1-16B3D6D84C10}.Debug|Any CPU.ActiveCfg = Debug|Any CPU
		{B56ECDD1-2A4D-493B-A2B1-16B3D6D84C10}.Debug|Any CPU.Build.0 = Debug|Any CPU
		{B56ECDD1-2A4D-493B-A2B1-16B3D6D84C10}.Release|Any CPU.ActiveCfg = Release|Any CPU
		{B56ECDD1-2A4D-493B-A2B1-16B3D6D84C10}.Release|Any CPU.Build.0 = Release|Any CPU
		{042F2231-DCDF-4C7B-A22E-66C856F1597A}.Debug|Any CPU.ActiveCfg = Debug|Any CPU
		{042F2231-DCDF-4C7B-A22E-66C856F1597A}.Debug|Any CPU.Build.0 = Debug|Any CPU
		{042F2231-DCDF-4C7B-A22E-66C856F1597A}.Release|Any CPU.ActiveCfg = Release|Any CPU
		{042F2231-DCDF-4C7B-A22E-66C856F1597A}.Release|Any CPU.Build.0 = Release|Any CPU
	EndGlobalSection
	GlobalSection(SolutionProperties) = preSolution
		HideSolutionNode = FALSE
	EndGlobalSection
	GlobalSection(ExtensibilityGlobals) = postSolution
		SolutionGuid = {75EDCDF3-9E4B-40BB-BBFD-96B46D521D12}
	EndGlobalSection
EndGlobal
