
Microsoft Visual Studio Solution File, Format Version 12.00
# Visual Studio Version 17
VisualStudioVersion = 17.2.32519.379
MinimumVisualStudioVersion = 10.0.40219.1
Project("{FAE04EC0-301F-11D3-BF4B-00C04F79EFBC}") = "CascadingBlazorApp.Server", "CascadingBlazorApp\Server\CascadingBlazorApp.Server.csproj", "{9BF63C05-5276-48E9-8197-CEF479FC2AF3}"
EndProject
Project("{FAE04EC0-301F-11D3-BF4B-00C04F79EFBC}") = "CascadingBlazorApp.Client", "CascadingBlazorApp\Client\CascadingBlazorApp.Client.csproj", "{6C5F2BE0-D11A-4C13-824E-C4AA2D6CE013}"
EndProject
Project("{FAE04EC0-301F-11D3-BF4B-00C04F79EFBC}") = "CascadingBlazorApp.Shared", "CascadingBlazorApp\Shared\CascadingBlazorApp.Shared.csproj", "{CA84FFF4-D7C0-4496-AFD8-CF9FF6BDE368}"
EndProject
Global
	GlobalSection(SolutionConfigurationPlatforms) = preSolution
		Debug|Any CPU = Debug|Any CPU
		Release|Any CPU = Release|Any CPU
	EndGlobalSection
	GlobalSection(ProjectConfigurationPlatforms) = postSolution
		{9BF63C05-5276-48E9-8197-CEF479FC2AF3}.Debug|Any CPU.ActiveCfg = Debug|Any CPU
		{9BF63C05-5276-48E9-8197-CEF479FC2AF3}.Debug|Any CPU.Build.0 = Debug|Any CPU
		{9BF63C05-5276-48E9-8197-CEF479FC2AF3}.Release|Any CPU.ActiveCfg = Release|Any CPU
		{9BF63C05-5276-48E9-8197-CEF479FC2AF3}.Release|Any CPU.Build.0 = Release|Any CPU
		{6C5F2BE0-D11A-4C13-824E-C4AA2D6CE013}.Debug|Any CPU.ActiveCfg = Debug|Any CPU
		{6C5F2BE0-D11A-4C13-824E-C4AA2D6CE013}.Debug|Any CPU.Build.0 = Debug|Any CPU
		{6C5F2BE0-D11A-4C13-824E-C4AA2D6CE013}.Release|Any CPU.ActiveCfg = Release|Any CPU
		{6C5F2BE0-D11A-4C13-824E-C4AA2D6CE013}.Release|Any CPU.Build.0 = Release|Any CPU
		{CA84FFF4-D7C0-4496-AFD8-CF9FF6BDE368}.Debug|Any CPU.ActiveCfg = Debug|Any CPU
		{CA84FFF4-D7C0-4496-AFD8-CF9FF6BDE368}.Debug|Any CPU.Build.0 = Debug|Any CPU
		{CA84FFF4-D7C0-4496-AFD8-CF9FF6BDE368}.Release|Any CPU.ActiveCfg = Release|Any CPU
		{CA84FFF4-D7C0-4496-AFD8-CF9FF6BDE368}.Release|Any CPU.Build.0 = Release|Any CPU
	EndGlobalSection
	GlobalSection(SolutionProperties) = preSolution
		HideSolutionNode = FALSE
	EndGlobalSection
	GlobalSection(ExtensibilityGlobals) = postSolution
		SolutionGuid = {859635F1-82C9-4482-9B8E-0F42E1D4BFCA}
	EndGlobalSection
EndGlobal
