
Microsoft Visual Studio Solution File, Format Version 12.00
# Visual Studio Version 17
VisualStudioVersion = 17.10.35122.118
MinimumVisualStudioVersion = 10.0.40219.1
Project("{FAE04EC0-301F-11D3-BF4B-00C04F79EFBC}") = "NavigationLock", "NavigationLock\NavigationLock.csproj", "{510C5A1A-7D17-4CED-9708-4ED1B1A131F8}"
EndProject
Project("{FAE04EC0-301F-11D3-BF4B-00C04F79EFBC}") = "NavigationLock.Client", "NavigationLock.Client\NavigationLock.Client.csproj", "{3C2B5697-A3FE-4AEB-A490-EA559CBA921B}"
EndProject
Global
	GlobalSection(SolutionConfigurationPlatforms) = preSolution
		Debug|Any CPU = Debug|Any CPU
		Release|Any CPU = Release|Any CPU
	EndGlobalSection
	GlobalSection(ProjectConfigurationPlatforms) = postSolution
		{510C5A1A-7D17-4CED-9708-4ED1B1A131F8}.Debug|Any CPU.ActiveCfg = Debug|Any CPU
		{510C5A1A-7D17-4CED-9708-4ED1B1A131F8}.Debug|Any CPU.Build.0 = Debug|Any CPU
		{510C5A1A-7D17-4CED-9708-4ED1B1A131F8}.Release|Any CPU.ActiveCfg = Release|Any CPU
		{510C5A1A-7D17-4CED-9708-4ED1B1A131F8}.Release|Any CPU.Build.0 = Release|Any CPU
		{3C2B5697-A3FE-4AEB-A490-EA559CBA921B}.Debug|Any CPU.ActiveCfg = Debug|Any CPU
		{3C2B5697-A3FE-4AEB-A490-EA559CBA921B}.Debug|Any CPU.Build.0 = Debug|Any CPU
		{3C2B5697-A3FE-4AEB-A490-EA559CBA921B}.Release|Any CPU.ActiveCfg = Release|Any CPU
		{3C2B5697-A3FE-4AEB-A490-EA559CBA921B}.Release|Any CPU.Build.0 = Release|Any CPU
	EndGlobalSection
	GlobalSection(SolutionProperties) = preSolution
		HideSolutionNode = FALSE
	EndGlobalSection
	GlobalSection(ExtensibilityGlobals) = postSolution
		SolutionGuid = {13D8E513-0207-4925-9C94-AEDF7A32200D}
	EndGlobalSection
EndGlobal
