
Microsoft Visual Studio Solution File, Format Version 12.00
# Visual Studio Version 17
VisualStudioVersion = 17.11.35327.3
MinimumVisualStudioVersion = 10.0.40219.1
Project("{9A19103F-16F7-4668-BE54-9A1E7A4F7556}") = "EventBusBlazorApp", "EventBusBlazorApp\EventBusBlazorApp\EventBusBlazorApp.csproj", "{C984B2B2-C3C6-4BF1-BEBD-63395C9901D5}"
EndProject
Project("{9A19103F-16F7-4668-BE54-9A1E7A4F7556}") = "EventBusBlazorApp.Client", "EventBusBlazorApp\EventBusBlazorApp.Client\EventBusBlazorApp.Client.csproj", "{06A97AB4-B7B1-47FA-9836-AF3D154F945C}"
EndProject
Project("{FAE04EC0-301F-11D3-BF4B-00C04F79EFBC}") = "Core.Events", "Core.Events\Core.Events.csproj", "{3A866478-7F69-483F-B156-16D76C637695}"
EndProject
Global
	GlobalSection(SolutionConfigurationPlatforms) = preSolution
		Debug|Any CPU = Debug|Any CPU
		Release|Any CPU = Release|Any CPU
	EndGlobalSection
	GlobalSection(ProjectConfigurationPlatforms) = postSolution
		{C984B2B2-C3C6-4BF1-BEBD-63395C9901D5}.Debug|Any CPU.ActiveCfg = Debug|Any CPU
		{C984B2B2-C3C6-4BF1-BEBD-63395C9901D5}.Debug|Any CPU.Build.0 = Debug|Any CPU
		{C984B2B2-C3C6-4BF1-BEBD-63395C9901D5}.Release|Any CPU.ActiveCfg = Release|Any CPU
		{C984B2B2-C3C6-4BF1-BEBD-63395C9901D5}.Release|Any CPU.Build.0 = Release|Any CPU
		{06A97AB4-B7B1-47FA-9836-AF3D154F945C}.Debug|Any CPU.ActiveCfg = Debug|Any CPU
		{06A97AB4-B7B1-47FA-9836-AF3D154F945C}.Debug|Any CPU.Build.0 = Debug|Any CPU
		{06A97AB4-B7B1-47FA-9836-AF3D154F945C}.Release|Any CPU.ActiveCfg = Release|Any CPU
		{06A97AB4-B7B1-47FA-9836-AF3D154F945C}.Release|Any CPU.Build.0 = Release|Any CPU
		{3A866478-7F69-483F-B156-16D76C637695}.Debug|Any CPU.ActiveCfg = Debug|Any CPU
		{3A866478-7F69-483F-B156-16D76C637695}.Debug|Any CPU.Build.0 = Debug|Any CPU
		{3A866478-7F69-483F-B156-16D76C637695}.Release|Any CPU.ActiveCfg = Release|Any CPU
		{3A866478-7F69-483F-B156-16D76C637695}.Release|Any CPU.Build.0 = Release|Any CPU
	EndGlobalSection
	GlobalSection(SolutionProperties) = preSolution
		HideSolutionNode = FALSE
	EndGlobalSection
	GlobalSection(ExtensibilityGlobals) = postSolution
		SolutionGuid = {C9DEA627-79B6-4401-96EB-412213E10E26}
	EndGlobalSection
EndGlobal
